// !$*UTF8*$!
{
	archiveVersion = 1;
	classes = {
	};
	objectVersion = 56;
	objects = {

/* Begin PBXBuildFile section */
		A52920652B19E06000926E67 /* BaseViewModel.swift in Sources */ = {isa = PBXBuildFile; fileRef = A52920642B19E06000926E67 /* BaseViewModel.swift */; };
		A52920672B19E07900926E67 /* BaseViewStates.swift in Sources */ = {isa = PBXBuildFile; fileRef = A52920662B19E07900926E67 /* BaseViewStates.swift */; };
		A529206E2B19E16D00926E67 /* NewsListView.swift in Sources */ = {isa = PBXBuildFile; fileRef = A529206D2B19E16D00926E67 /* NewsListView.swift */; };
		A52920702B19E17A00926E67 /* NewsListViewModel.swift in Sources */ = {isa = PBXBuildFile; fileRef = A529206F2B19E17A00926E67 /* NewsListViewModel.swift */; };
		A52920722B19E18900926E67 /* NewsListViewStates.swift in Sources */ = {isa = PBXBuildFile; fileRef = A52920712B19E18900926E67 /* NewsListViewStates.swift */; };
		A52920752B19EA2100926E67 /* StaggeredView.swift in Sources */ = {isa = PBXBuildFile; fileRef = A52920742B19EA2100926E67 /* StaggeredView.swift */; };
		A529207A2B19EAA600926E67 /* TextBuilder.swift in Sources */ = {isa = PBXBuildFile; fileRef = A52920792B19EAA600926E67 /* TextBuilder.swift */; };
		A529207D2B19FABA00926E67 /* NewsCell.swift in Sources */ = {isa = PBXBuildFile; fileRef = A529207C2B19FABA00926E67 /* NewsCell.swift */; };
		A529207F2B19FAE900926E67 /* NewsCellUIModel.swift in Sources */ = {isa = PBXBuildFile; fileRef = A529207E2B19FAE900926E67 /* NewsCellUIModel.swift */; };
		A52920852B19FCC800926E67 /* String+Extension.swift in Sources */ = {isa = PBXBuildFile; fileRef = A52920842B19FCC800926E67 /* String+Extension.swift */; };
		A52920872B19FCE600926E67 /* Date+Extension.swift in Sources */ = {isa = PBXBuildFile; fileRef = A52920862B19FCE600926E67 /* Date+Extension.swift */; };
		A52920892B1A063E00926E67 /* CacheAsyncImage.swift in Sources */ = {isa = PBXBuildFile; fileRef = A52920882B1A063E00926E67 /* CacheAsyncImage.swift */; };
		A54770102B1B1888005BDDF3 /* NewsDetailView.swift in Sources */ = {isa = PBXBuildFile; fileRef = A547700F2B1B1888005BDDF3 /* NewsDetailView.swift */; };
		A54770122B1B1892005BDDF3 /* NewsDetailViewStates.swift in Sources */ = {isa = PBXBuildFile; fileRef = A54770112B1B1892005BDDF3 /* NewsDetailViewStates.swift */; };
		A54770142B1B189C005BDDF3 /* NewsDetailViewModel.swift in Sources */ = {isa = PBXBuildFile; fileRef = A54770132B1B189C005BDDF3 /* NewsDetailViewModel.swift */; };
		A54770162B1B1956005BDDF3 /* WebView.swift in Sources */ = {isa = PBXBuildFile; fileRef = A54770152B1B1956005BDDF3 /* WebView.swift */; };
		A54770182B1B1D0D005BDDF3 /* NewsDetailTypes.swift in Sources */ = {isa = PBXBuildFile; fileRef = A54770172B1B1D0D005BDDF3 /* NewsDetailTypes.swift */; };
		A547701A2B1B23B8005BDDF3 /* Color+Extension.swift in Sources */ = {isa = PBXBuildFile; fileRef = A54770192B1B23B8005BDDF3 /* Color+Extension.swift */; };
		A547701C2B1B2605005BDDF3 /* UIScreen+Extension.swift in Sources */ = {isa = PBXBuildFile; fileRef = A547701B2B1B2605005BDDF3 /* UIScreen+Extension.swift */; };
		A547701E2B1B2D59005BDDF3 /* ViewDidLoadModifier.swift in Sources */ = {isa = PBXBuildFile; fileRef = A547701D2B1B2D59005BDDF3 /* ViewDidLoadModifier.swift */; };
		A54770212B1B3C88005BDDF3 /* HttpClientTest.swift in Sources */ = {isa = PBXBuildFile; fileRef = A54770202B1B3C88005BDDF3 /* HttpClientTest.swift */; };
		A54770232B1B3CEA005BDDF3 /* MockURLProtocol.swift in Sources */ = {isa = PBXBuildFile; fileRef = A54770222B1B3CEA005BDDF3 /* MockURLProtocol.swift */; };
		A54770262B1B3D14005BDDF3 /* Mockable.swift in Sources */ = {isa = PBXBuildFile; fileRef = A54770252B1B3D14005BDDF3 /* Mockable.swift */; };
		A54770282B1B3D5E005BDDF3 /* NewsResponse.json in Resources */ = {isa = PBXBuildFile; fileRef = A54770272B1B3D5E005BDDF3 /* NewsResponse.json */; };
		A547702B2B1B3E6D005BDDF3 /* XCTestCase+Extension.swift in Sources */ = {isa = PBXBuildFile; fileRef = A547702A2B1B3E6D005BDDF3 /* XCTestCase+Extension.swift */; };
		A547702E2B1B3EA5005BDDF3 /* MockHttpClient.swift in Sources */ = {isa = PBXBuildFile; fileRef = A547702D2B1B3EA5005BDDF3 /* MockHttpClient.swift */; };
		A54770312B1B3F79005BDDF3 /* NewsListViewModelTest.swift in Sources */ = {isa = PBXBuildFile; fileRef = A54770302B1B3F79005BDDF3 /* NewsListViewModelTest.swift */; };
		A54770332B1B4428005BDDF3 /* NewsDetailViewModel.swift in Sources */ = {isa = PBXBuildFile; fileRef = A54770322B1B4428005BDDF3 /* NewsDetailViewModel.swift */; };
		A59D77C32B18F0DF009D74D7 /* BombNewsApp.swift in Sources */ = {isa = PBXBuildFile; fileRef = A59D77C22B18F0DF009D74D7 /* BombNewsApp.swift */; };
		A59D77C72B18F0E1009D74D7 /* Assets.xcassets in Resources */ = {isa = PBXBuildFile; fileRef = A59D77C62B18F0E1009D74D7 /* Assets.xcassets */; };
		A59D77CA2B18F0E1009D74D7 /* Preview Assets.xcassets in Resources */ = {isa = PBXBuildFile; fileRef = A59D77C92B18F0E1009D74D7 /* Preview Assets.xcassets */; };
		A59D77DE2B18F0E1009D74D7 /* BombNewsUITests.swift in Sources */ = {isa = PBXBuildFile; fileRef = A59D77DD2B18F0E1009D74D7 /* BombNewsUITests.swift */; };
		A59D77E02B18F0E1009D74D7 /* BombNewsUITestsLaunchTests.swift in Sources */ = {isa = PBXBuildFile; fileRef = A59D77DF2B18F0E1009D74D7 /* BombNewsUITestsLaunchTests.swift */; };
		A59D77F12B18F2FF009D74D7 /* HttpClient.swift in Sources */ = {isa = PBXBuildFile; fileRef = A59D77F02B18F2FF009D74D7 /* HttpClient.swift */; };
		A59D77F32B18F312009D74D7 /* RequestMethod.swift in Sources */ = {isa = PBXBuildFile; fileRef = A59D77F22B18F312009D74D7 /* RequestMethod.swift */; };
		A59D77F52B18F323009D74D7 /* RequestError.swift in Sources */ = {isa = PBXBuildFile; fileRef = A59D77F42B18F323009D74D7 /* RequestError.swift */; };
		A59D77F72B18F333009D74D7 /* Endpoint.swift in Sources */ = {isa = PBXBuildFile; fileRef = A59D77F62B18F333009D74D7 /* Endpoint.swift */; };
		A59D77FA2B18F38A009D74D7 /* Header.swift in Sources */ = {isa = PBXBuildFile; fileRef = A59D77F92B18F38A009D74D7 /* Header.swift */; };
		A59D77FC2B18F3A7009D74D7 /* Host.swift in Sources */ = {isa = PBXBuildFile; fileRef = A59D77FB2B18F3A6009D74D7 /* Host.swift */; };
		A59D77FE2B18F3BD009D74D7 /* Path.swift in Sources */ = {isa = PBXBuildFile; fileRef = A59D77FD2B18F3BD009D74D7 /* Path.swift */; };
		A59D78002B18F3DF009D74D7 /* Body.swift in Sources */ = {isa = PBXBuildFile; fileRef = A59D77FF2B18F3DF009D74D7 /* Body.swift */; };
		A59D78052B18F81A009D74D7 /* NewsResponse.swift in Sources */ = {isa = PBXBuildFile; fileRef = A59D78042B18F81A009D74D7 /* NewsResponse.swift */; };
		A59D78082B18F861009D74D7 /* NewsListService.swift in Sources */ = {isa = PBXBuildFile; fileRef = A59D78072B18F861009D74D7 /* NewsListService.swift */; };
		A59D780B2B18F8D1009D74D7 /* AllNewsEndpoint.swift in Sources */ = {isa = PBXBuildFile; fileRef = A59D780A2B18F8D1009D74D7 /* AllNewsEndpoint.swift */; };
		A5C8DCC42B1A6B7100FA314A /* BaseView.swift in Sources */ = {isa = PBXBuildFile; fileRef = A5C8DCC32B1A6B7100FA314A /* BaseView.swift */; };
		A5C8DCC62B1A715300FA314A /* LazyView.swift in Sources */ = {isa = PBXBuildFile; fileRef = A5C8DCC52B1A715300FA314A /* LazyView.swift */; };
		A5C8DCC82B1A727F00FA314A /* SearchNewsEndpoint.swift in Sources */ = {isa = PBXBuildFile; fileRef = A5C8DCC72B1A727F00FA314A /* SearchNewsEndpoint.swift */; };
		A5C8DCCA2B1A7DFB00FA314A /* Segments.swift in Sources */ = {isa = PBXBuildFile; fileRef = A5C8DCC92B1A7DFB00FA314A /* Segments.swift */; };
		A5F56AB82B1C6FD600B25CBD /* NewsListViewUITest.swift in Sources */ = {isa = PBXBuildFile; fileRef = A5F56AB72B1C6FD600B25CBD /* NewsListViewUITest.swift */; };
		A5F9EEBC2B1A647D00F143AB /* View+Extension.swift in Sources */ = {isa = PBXBuildFile; fileRef = A5F9EEBB2B1A647D00F143AB /* View+Extension.swift */; };
/* End PBXBuildFile section */

/* Begin PBXContainerItemProxy section */
		A59D77D02B18F0E1009D74D7 /* PBXContainerItemProxy */ = {
			isa = PBXContainerItemProxy;
			containerPortal = A59D77B72B18F0DF009D74D7 /* Project object */;
			proxyType = 1;
			remoteGlobalIDString = A59D77BE2B18F0DF009D74D7;
			remoteInfo = BombNews;
		};
		A59D77DA2B18F0E1009D74D7 /* PBXContainerItemProxy */ = {
			isa = PBXContainerItemProxy;
			containerPortal = A59D77B72B18F0DF009D74D7 /* Project object */;
			proxyType = 1;
			remoteGlobalIDString = A59D77BE2B18F0DF009D74D7;
			remoteInfo = BombNews;
		};
/* End PBXContainerItemProxy section */

/* Begin PBXFileReference section */
		A52920642B19E06000926E67 /* BaseViewModel.swift */ = {isa = PBXFileReference; lastKnownFileType = sourcecode.swift; path = BaseViewModel.swift; sourceTree = "<group>"; };
		A52920662B19E07900926E67 /* BaseViewStates.swift */ = {isa = PBXFileReference; lastKnownFileType = sourcecode.swift; path = BaseViewStates.swift; sourceTree = "<group>"; };
		A529206D2B19E16D00926E67 /* NewsListView.swift */ = {isa = PBXFileReference; lastKnownFileType = sourcecode.swift; path = NewsListView.swift; sourceTree = "<group>"; };
		A529206F2B19E17A00926E67 /* NewsListViewModel.swift */ = {isa = PBXFileReference; lastKnownFileType = sourcecode.swift; path = NewsListViewModel.swift; sourceTree = "<group>"; };
		A52920712B19E18900926E67 /* NewsListViewStates.swift */ = {isa = PBXFileReference; lastKnownFileType = sourcecode.swift; path = NewsListViewStates.swift; sourceTree = "<group>"; };
		A52920742B19EA2100926E67 /* StaggeredView.swift */ = {isa = PBXFileReference; lastKnownFileType = sourcecode.swift; path = StaggeredView.swift; sourceTree = "<group>"; };
		A52920792B19EAA600926E67 /* TextBuilder.swift */ = {isa = PBXFileReference; lastKnownFileType = sourcecode.swift; path = TextBuilder.swift; sourceTree = "<group>"; };
		A529207C2B19FABA00926E67 /* NewsCell.swift */ = {isa = PBXFileReference; lastKnownFileType = sourcecode.swift; path = NewsCell.swift; sourceTree = "<group>"; };
		A529207E2B19FAE900926E67 /* NewsCellUIModel.swift */ = {isa = PBXFileReference; lastKnownFileType = sourcecode.swift; path = NewsCellUIModel.swift; sourceTree = "<group>"; };
		A52920842B19FCC800926E67 /* String+Extension.swift */ = {isa = PBXFileReference; lastKnownFileType = sourcecode.swift; path = "String+Extension.swift"; sourceTree = "<group>"; };
		A52920862B19FCE600926E67 /* Date+Extension.swift */ = {isa = PBXFileReference; lastKnownFileType = sourcecode.swift; path = "Date+Extension.swift"; sourceTree = "<group>"; };
		A52920882B1A063E00926E67 /* CacheAsyncImage.swift */ = {isa = PBXFileReference; lastKnownFileType = sourcecode.swift; path = CacheAsyncImage.swift; sourceTree = "<group>"; };
		A547700F2B1B1888005BDDF3 /* NewsDetailView.swift */ = {isa = PBXFileReference; lastKnownFileType = sourcecode.swift; path = NewsDetailView.swift; sourceTree = "<group>"; };
		A54770112B1B1892005BDDF3 /* NewsDetailViewStates.swift */ = {isa = PBXFileReference; lastKnownFileType = sourcecode.swift; path = NewsDetailViewStates.swift; sourceTree = "<group>"; };
		A54770132B1B189C005BDDF3 /* NewsDetailViewModel.swift */ = {isa = PBXFileReference; lastKnownFileType = sourcecode.swift; path = NewsDetailViewModel.swift; sourceTree = "<group>"; };
		A54770152B1B1956005BDDF3 /* WebView.swift */ = {isa = PBXFileReference; lastKnownFileType = sourcecode.swift; path = WebView.swift; sourceTree = "<group>"; };
		A54770172B1B1D0D005BDDF3 /* NewsDetailTypes.swift */ = {isa = PBXFileReference; lastKnownFileType = sourcecode.swift; path = NewsDetailTypes.swift; sourceTree = "<group>"; };
		A54770192B1B23B8005BDDF3 /* Color+Extension.swift */ = {isa = PBXFileReference; lastKnownFileType = sourcecode.swift; path = "Color+Extension.swift"; sourceTree = "<group>"; };
		A547701B2B1B2605005BDDF3 /* UIScreen+Extension.swift */ = {isa = PBXFileReference; lastKnownFileType = sourcecode.swift; path = "UIScreen+Extension.swift"; sourceTree = "<group>"; };
		A547701D2B1B2D59005BDDF3 /* ViewDidLoadModifier.swift */ = {isa = PBXFileReference; lastKnownFileType = sourcecode.swift; path = ViewDidLoadModifier.swift; sourceTree = "<group>"; };
		A54770202B1B3C88005BDDF3 /* HttpClientTest.swift */ = {isa = PBXFileReference; lastKnownFileType = sourcecode.swift; path = HttpClientTest.swift; sourceTree = "<group>"; };
		A54770222B1B3CEA005BDDF3 /* MockURLProtocol.swift */ = {isa = PBXFileReference; lastKnownFileType = sourcecode.swift; path = MockURLProtocol.swift; sourceTree = "<group>"; };
		A54770252B1B3D14005BDDF3 /* Mockable.swift */ = {isa = PBXFileReference; lastKnownFileType = sourcecode.swift; path = Mockable.swift; sourceTree = "<group>"; };
		A54770272B1B3D5E005BDDF3 /* NewsResponse.json */ = {isa = PBXFileReference; lastKnownFileType = text.json; path = NewsResponse.json; sourceTree = "<group>"; };
		A547702A2B1B3E6D005BDDF3 /* XCTestCase+Extension.swift */ = {isa = PBXFileReference; lastKnownFileType = sourcecode.swift; path = "XCTestCase+Extension.swift"; sourceTree = "<group>"; };
		A547702D2B1B3EA5005BDDF3 /* MockHttpClient.swift */ = {isa = PBXFileReference; lastKnownFileType = sourcecode.swift; path = MockHttpClient.swift; sourceTree = "<group>"; };
		A54770302B1B3F79005BDDF3 /* NewsListViewModelTest.swift */ = {isa = PBXFileReference; lastKnownFileType = sourcecode.swift; path = NewsListViewModelTest.swift; sourceTree = "<group>"; };
		A54770322B1B4428005BDDF3 /* NewsDetailViewModel.swift */ = {isa = PBXFileReference; lastKnownFileType = sourcecode.swift; path = NewsDetailViewModel.swift; sourceTree = "<group>"; };
		A59D77BF2B18F0DF009D74D7 /* BombNews.app */ = {isa = PBXFileReference; explicitFileType = wrapper.application; includeInIndex = 0; path = BombNews.app; sourceTree = BUILT_PRODUCTS_DIR; };
		A59D77C22B18F0DF009D74D7 /* BombNewsApp.swift */ = {isa = PBXFileReference; lastKnownFileType = sourcecode.swift; path = BombNewsApp.swift; sourceTree = "<group>"; };
		A59D77C62B18F0E1009D74D7 /* Assets.xcassets */ = {isa = PBXFileReference; lastKnownFileType = folder.assetcatalog; path = Assets.xcassets; sourceTree = "<group>"; };
		A59D77C92B18F0E1009D74D7 /* Preview Assets.xcassets */ = {isa = PBXFileReference; lastKnownFileType = folder.assetcatalog; path = "Preview Assets.xcassets"; sourceTree = "<group>"; };
		A59D77CF2B18F0E1009D74D7 /* BombNewsTests.xctest */ = {isa = PBXFileReference; explicitFileType = wrapper.cfbundle; includeInIndex = 0; path = BombNewsTests.xctest; sourceTree = BUILT_PRODUCTS_DIR; };
		A59D77D92B18F0E1009D74D7 /* BombNewsUITests.xctest */ = {isa = PBXFileReference; explicitFileType = wrapper.cfbundle; includeInIndex = 0; path = BombNewsUITests.xctest; sourceTree = BUILT_PRODUCTS_DIR; };
		A59D77DD2B18F0E1009D74D7 /* BombNewsUITests.swift */ = {isa = PBXFileReference; lastKnownFileType = sourcecode.swift; path = BombNewsUITests.swift; sourceTree = "<group>"; };
		A59D77DF2B18F0E1009D74D7 /* BombNewsUITestsLaunchTests.swift */ = {isa = PBXFileReference; lastKnownFileType = sourcecode.swift; path = BombNewsUITestsLaunchTests.swift; sourceTree = "<group>"; };
		A59D77F02B18F2FF009D74D7 /* HttpClient.swift */ = {isa = PBXFileReference; lastKnownFileType = sourcecode.swift; path = HttpClient.swift; sourceTree = "<group>"; };
		A59D77F22B18F312009D74D7 /* RequestMethod.swift */ = {isa = PBXFileReference; lastKnownFileType = sourcecode.swift; path = RequestMethod.swift; sourceTree = "<group>"; };
		A59D77F42B18F323009D74D7 /* RequestError.swift */ = {isa = PBXFileReference; lastKnownFileType = sourcecode.swift; path = RequestError.swift; sourceTree = "<group>"; };
		A59D77F62B18F333009D74D7 /* Endpoint.swift */ = {isa = PBXFileReference; lastKnownFileType = sourcecode.swift; path = Endpoint.swift; sourceTree = "<group>"; };
		A59D77F92B18F38A009D74D7 /* Header.swift */ = {isa = PBXFileReference; lastKnownFileType = sourcecode.swift; path = Header.swift; sourceTree = "<group>"; };
		A59D77FB2B18F3A6009D74D7 /* Host.swift */ = {isa = PBXFileReference; lastKnownFileType = sourcecode.swift; path = Host.swift; sourceTree = "<group>"; };
		A59D77FD2B18F3BD009D74D7 /* Path.swift */ = {isa = PBXFileReference; lastKnownFileType = sourcecode.swift; path = Path.swift; sourceTree = "<group>"; };
		A59D77FF2B18F3DF009D74D7 /* Body.swift */ = {isa = PBXFileReference; lastKnownFileType = sourcecode.swift; path = Body.swift; sourceTree = "<group>"; };
		A59D78042B18F81A009D74D7 /* NewsResponse.swift */ = {isa = PBXFileReference; lastKnownFileType = sourcecode.swift; path = NewsResponse.swift; sourceTree = "<group>"; };
		A59D78072B18F861009D74D7 /* NewsListService.swift */ = {isa = PBXFileReference; lastKnownFileType = sourcecode.swift; path = NewsListService.swift; sourceTree = "<group>"; };
		A59D780A2B18F8D1009D74D7 /* AllNewsEndpoint.swift */ = {isa = PBXFileReference; lastKnownFileType = sourcecode.swift; path = AllNewsEndpoint.swift; sourceTree = "<group>"; };
		A5C8DCC32B1A6B7100FA314A /* BaseView.swift */ = {isa = PBXFileReference; lastKnownFileType = sourcecode.swift; path = BaseView.swift; sourceTree = "<group>"; };
		A5C8DCC52B1A715300FA314A /* LazyView.swift */ = {isa = PBXFileReference; lastKnownFileType = sourcecode.swift; path = LazyView.swift; sourceTree = "<group>"; };
		A5C8DCC72B1A727F00FA314A /* SearchNewsEndpoint.swift */ = {isa = PBXFileReference; lastKnownFileType = sourcecode.swift; path = SearchNewsEndpoint.swift; sourceTree = "<group>"; };
		A5C8DCC92B1A7DFB00FA314A /* Segments.swift */ = {isa = PBXFileReference; lastKnownFileType = sourcecode.swift; path = Segments.swift; sourceTree = "<group>"; };
		A5F56AB72B1C6FD600B25CBD /* NewsListViewUITest.swift */ = {isa = PBXFileReference; lastKnownFileType = sourcecode.swift; path = NewsListViewUITest.swift; sourceTree = "<group>"; };
		A5F9EEBB2B1A647D00F143AB /* View+Extension.swift */ = {isa = PBXFileReference; lastKnownFileType = sourcecode.swift; path = "View+Extension.swift"; sourceTree = "<group>"; };
/* End PBXFileReference section */

/* Begin PBXFrameworksBuildPhase section */
		A59D77BC2B18F0DF009D74D7 /* Frameworks */ = {
			isa = PBXFrameworksBuildPhase;
			buildActionMask = 2147483647;
			files = (
			);
			runOnlyForDeploymentPostprocessing = 0;
		};
		A59D77CC2B18F0E1009D74D7 /* Frameworks */ = {
			isa = PBXFrameworksBuildPhase;
			buildActionMask = 2147483647;
			files = (
			);
			runOnlyForDeploymentPostprocessing = 0;
		};
		A59D77D62B18F0E1009D74D7 /* Frameworks */ = {
			isa = PBXFrameworksBuildPhase;
			buildActionMask = 2147483647;
			files = (
			);
			runOnlyForDeploymentPostprocessing = 0;
		};
/* End PBXFrameworksBuildPhase section */

/* Begin PBXGroup section */
		A52920622B19E00E00926E67 /* Screens */ = {
			isa = PBXGroup;
			children = (
				A547700E2B1B186F005BDDF3 /* NewsDetailView */,
				A52920682B19E11F00926E67 /* NewsListView */,
			);
			path = Screens;
			sourceTree = "<group>";
		};
		A52920632B19E05200926E67 /* BaseViewModel */ = {
			isa = PBXGroup;
			children = (
				A52920642B19E06000926E67 /* BaseViewModel.swift */,
				A52920662B19E07900926E67 /* BaseViewStates.swift */,
			);
			path = BaseViewModel;
			sourceTree = "<group>";
		};
		A52920682B19E11F00926E67 /* NewsListView */ = {
			isa = PBXGroup;
			children = (
				A529206D2B19E16D00926E67 /* NewsListView.swift */,
				A529206F2B19E17A00926E67 /* NewsListViewModel.swift */,
				A52920712B19E18900926E67 /* NewsListViewStates.swift */,
			);
			path = NewsListView;
			sourceTree = "<group>";
		};
		A52920732B19EA1100926E67 /* CustomViews */ = {
			isa = PBXGroup;
			children = (
				A52920742B19EA2100926E67 /* StaggeredView.swift */,
				A52920882B1A063E00926E67 /* CacheAsyncImage.swift */,
				A5C8DCC52B1A715300FA314A /* LazyView.swift */,
				A54770152B1B1956005BDDF3 /* WebView.swift */,
			);
			path = CustomViews;
			sourceTree = "<group>";
		};
		A52920782B19EA9A00926E67 /* Modifiers */ = {
			isa = PBXGroup;
			children = (
				A52920792B19EAA600926E67 /* TextBuilder.swift */,
				A547701D2B1B2D59005BDDF3 /* ViewDidLoadModifier.swift */,
			);
			path = Modifiers;
			sourceTree = "<group>";
		};
		A529207B2B19FAB000926E67 /* Cells */ = {
			isa = PBXGroup;
			children = (
				A52920802B19FAF300926E67 /* NewsCell */,
			);
			path = Cells;
			sourceTree = "<group>";
		};
		A52920802B19FAF300926E67 /* NewsCell */ = {
			isa = PBXGroup;
			children = (
				A529207C2B19FABA00926E67 /* NewsCell.swift */,
				A529207E2B19FAE900926E67 /* NewsCellUIModel.swift */,
			);
			path = NewsCell;
			sourceTree = "<group>";
		};
		A52920832B19FCBA00926E67 /* Extensions */ = {
			isa = PBXGroup;
			children = (
				A52920842B19FCC800926E67 /* String+Extension.swift */,
				A52920862B19FCE600926E67 /* Date+Extension.swift */,
				A5F9EEBB2B1A647D00F143AB /* View+Extension.swift */,
				A54770192B1B23B8005BDDF3 /* Color+Extension.swift */,
				A547701B2B1B2605005BDDF3 /* UIScreen+Extension.swift */,
			);
			path = Extensions;
			sourceTree = "<group>";
		};
		A547700E2B1B186F005BDDF3 /* NewsDetailView */ = {
			isa = PBXGroup;
			children = (
				A547700F2B1B1888005BDDF3 /* NewsDetailView.swift */,
				A54770112B1B1892005BDDF3 /* NewsDetailViewStates.swift */,
				A54770132B1B189C005BDDF3 /* NewsDetailViewModel.swift */,
			);
			path = NewsDetailView;
			sourceTree = "<group>";
		};
		A547701F2B1B3C78005BDDF3 /* NetworkTest */ = {
			isa = PBXGroup;
			children = (
				A54770242B1B3D00005BDDF3 /* MockData */,
				A54770222B1B3CEA005BDDF3 /* MockURLProtocol.swift */,
				A54770202B1B3C88005BDDF3 /* HttpClientTest.swift */,
			);
			path = NetworkTest;
			sourceTree = "<group>";
		};
		A54770242B1B3D00005BDDF3 /* MockData */ = {
			isa = PBXGroup;
			children = (
				A54770252B1B3D14005BDDF3 /* Mockable.swift */,
				A54770272B1B3D5E005BDDF3 /* NewsResponse.json */,
			);
			path = MockData;
			sourceTree = "<group>";
		};
		A54770292B1B3E57005BDDF3 /* Extension */ = {
			isa = PBXGroup;
			children = (
				A547702A2B1B3E6D005BDDF3 /* XCTestCase+Extension.swift */,
			);
			path = Extension;
			sourceTree = "<group>";
		};
		A547702C2B1B3E8F005BDDF3 /* Network */ = {
			isa = PBXGroup;
			children = (
				A547702D2B1B3EA5005BDDF3 /* MockHttpClient.swift */,
			);
			path = Network;
			sourceTree = "<group>";
		};
		A547702F2B1B3F0C005BDDF3 /* ViewModelTest */ = {
			isa = PBXGroup;
			children = (
				A54770302B1B3F79005BDDF3 /* NewsListViewModelTest.swift */,
				A54770322B1B4428005BDDF3 /* NewsDetailViewModel.swift */,
			);
			path = ViewModelTest;
			sourceTree = "<group>";
		};
		A59D77B62B18F0DF009D74D7 = {
			isa = PBXGroup;
			children = (
				A59D77C12B18F0DF009D74D7 /* BombNews */,
				A59D77D22B18F0E1009D74D7 /* BombNewsTests */,
				A59D77DC2B18F0E1009D74D7 /* BombNewsUITests */,
				A59D77C02B18F0DF009D74D7 /* Products */,
			);
			sourceTree = "<group>";
		};
		A59D77C02B18F0DF009D74D7 /* Products */ = {
			isa = PBXGroup;
			children = (
				A59D77BF2B18F0DF009D74D7 /* BombNews.app */,
				A59D77CF2B18F0E1009D74D7 /* BombNewsTests.xctest */,
				A59D77D92B18F0E1009D74D7 /* BombNewsUITests.xctest */,
			);
			name = Products;
			sourceTree = "<group>";
		};
		A59D77C12B18F0DF009D74D7 /* BombNews */ = {
			isa = PBXGroup;
			children = (
				A5C8DCCB2B1A814400FA314A /* Constants */,
				A52920832B19FCBA00926E67 /* Extensions */,
				A52920622B19E00E00926E67 /* Screens */,
				A59D780C2B18FEB8009D74D7 /* Views */,
				A59D77ED2B18F243009D74D7 /* Network */,
				A59D77EC2B18F21D009D74D7 /* Core */,
				A59D77C62B18F0E1009D74D7 /* Assets.xcassets */,
				A59D77C82B18F0E1009D74D7 /* Preview Content */,
			);
			path = BombNews;
			sourceTree = "<group>";
		};
		A59D77C82B18F0E1009D74D7 /* Preview Content */ = {
			isa = PBXGroup;
			children = (
				A59D77C92B18F0E1009D74D7 /* Preview Assets.xcassets */,
			);
			path = "Preview Content";
			sourceTree = "<group>";
		};
		A59D77D22B18F0E1009D74D7 /* BombNewsTests */ = {
			isa = PBXGroup;
			children = (
				A547702F2B1B3F0C005BDDF3 /* ViewModelTest */,
				A547702C2B1B3E8F005BDDF3 /* Network */,
				A54770292B1B3E57005BDDF3 /* Extension */,
				A547701F2B1B3C78005BDDF3 /* NetworkTest */,
			);
			path = BombNewsTests;
			sourceTree = "<group>";
		};
		A59D77DC2B18F0E1009D74D7 /* BombNewsUITests */ = {
			isa = PBXGroup;
			children = (
				A5F56AB62B1C6FB200B25CBD /* NewsList */,
				A59D77DD2B18F0E1009D74D7 /* BombNewsUITests.swift */,
				A59D77DF2B18F0E1009D74D7 /* BombNewsUITestsLaunchTests.swift */,
			);
			path = BombNewsUITests;
			sourceTree = "<group>";
		};
		A59D77EC2B18F21D009D74D7 /* Core */ = {
			isa = PBXGroup;
			children = (
				A5C8DCC22B1A6B6500FA314A /* BaseView */,
				A52920632B19E05200926E67 /* BaseViewModel */,
				A59D77C22B18F0DF009D74D7 /* BombNewsApp.swift */,
			);
			path = Core;
			sourceTree = "<group>";
		};
		A59D77ED2B18F243009D74D7 /* Network */ = {
			isa = PBXGroup;
			children = (
				A59D78062B18F82E009D74D7 /* Services */,
				A59D77EF2B18F2F4009D74D7 /* BaseFiles */,
				A59D77EE2B18F249009D74D7 /* Models */,
			);
			path = Network;
			sourceTree = "<group>";
		};
		A59D77EE2B18F249009D74D7 /* Models */ = {
			isa = PBXGroup;
			children = (
				A59D78032B18F792009D74D7 /* Response */,
			);
			path = Models;
			sourceTree = "<group>";
		};
		A59D77EF2B18F2F4009D74D7 /* BaseFiles */ = {
			isa = PBXGroup;
			children = (
				A59D77F82B18F36E009D74D7 /* EndpointFiles */,
				A59D77F02B18F2FF009D74D7 /* HttpClient.swift */,
				A59D77F22B18F312009D74D7 /* RequestMethod.swift */,
				A59D77F42B18F323009D74D7 /* RequestError.swift */,
			);
			path = BaseFiles;
			sourceTree = "<group>";
		};
		A59D77F82B18F36E009D74D7 /* EndpointFiles */ = {
			isa = PBXGroup;
			children = (
				A59D77F62B18F333009D74D7 /* Endpoint.swift */,
				A59D77F92B18F38A009D74D7 /* Header.swift */,
				A59D77FB2B18F3A6009D74D7 /* Host.swift */,
				A59D77FD2B18F3BD009D74D7 /* Path.swift */,
				A59D77FF2B18F3DF009D74D7 /* Body.swift */,
			);
			path = EndpointFiles;
			sourceTree = "<group>";
		};
		A59D78032B18F792009D74D7 /* Response */ = {
			isa = PBXGroup;
			children = (
				A59D78042B18F81A009D74D7 /* NewsResponse.swift */,
			);
			path = Response;
			sourceTree = "<group>";
		};
		A59D78062B18F82E009D74D7 /* Services */ = {
			isa = PBXGroup;
			children = (
				A59D78092B18F8BA009D74D7 /* ServiceEndpoints */,
				A59D78072B18F861009D74D7 /* NewsListService.swift */,
			);
			path = Services;
			sourceTree = "<group>";
		};
		A59D78092B18F8BA009D74D7 /* ServiceEndpoints */ = {
			isa = PBXGroup;
			children = (
				A59D780A2B18F8D1009D74D7 /* AllNewsEndpoint.swift */,
				A5C8DCC72B1A727F00FA314A /* SearchNewsEndpoint.swift */,
			);
			path = ServiceEndpoints;
			sourceTree = "<group>";
		};
		A59D780C2B18FEB8009D74D7 /* Views */ = {
			isa = PBXGroup;
			children = (
				A529207B2B19FAB000926E67 /* Cells */,
				A52920782B19EA9A00926E67 /* Modifiers */,
				A52920732B19EA1100926E67 /* CustomViews */,
			);
			path = Views;
			sourceTree = "<group>";
		};
		A5C8DCC22B1A6B6500FA314A /* BaseView */ = {
			isa = PBXGroup;
			children = (
				A5C8DCC32B1A6B7100FA314A /* BaseView.swift */,
			);
			path = BaseView;
			sourceTree = "<group>";
		};
		A5C8DCCB2B1A814400FA314A /* Constants */ = {
			isa = PBXGroup;
			children = (
				A5C8DCC92B1A7DFB00FA314A /* Segments.swift */,
				A54770172B1B1D0D005BDDF3 /* NewsDetailTypes.swift */,
			);
			path = Constants;
			sourceTree = "<group>";
		};
		A5F56AB62B1C6FB200B25CBD /* NewsList */ = {
			isa = PBXGroup;
			children = (
				A5F56AB72B1C6FD600B25CBD /* NewsListViewUITest.swift */,
			);
			path = NewsList;
			sourceTree = "<group>";
		};
/* End PBXGroup section */

/* Begin PBXNativeTarget section */
		A59D77BE2B18F0DF009D74D7 /* BombNews */ = {
			isa = PBXNativeTarget;
			buildConfigurationList = A59D77E32B18F0E1009D74D7 /* Build configuration list for PBXNativeTarget "BombNews" */;
			buildPhases = (
				A59D77BB2B18F0DF009D74D7 /* Sources */,
				A59D77BC2B18F0DF009D74D7 /* Frameworks */,
				A59D77BD2B18F0DF009D74D7 /* Resources */,
			);
			buildRules = (
			);
			dependencies = (
			);
			name = BombNews;
			productName = BombNews;
			productReference = A59D77BF2B18F0DF009D74D7 /* BombNews.app */;
			productType = "com.apple.product-type.application";
		};
		A59D77CE2B18F0E1009D74D7 /* BombNewsTests */ = {
			isa = PBXNativeTarget;
			buildConfigurationList = A59D77E62B18F0E1009D74D7 /* Build configuration list for PBXNativeTarget "BombNewsTests" */;
			buildPhases = (
				A59D77CB2B18F0E1009D74D7 /* Sources */,
				A59D77CC2B18F0E1009D74D7 /* Frameworks */,
				A59D77CD2B18F0E1009D74D7 /* Resources */,
			);
			buildRules = (
			);
			dependencies = (
				A59D77D12B18F0E1009D74D7 /* PBXTargetDependency */,
			);
			name = BombNewsTests;
			productName = BombNewsTests;
			productReference = A59D77CF2B18F0E1009D74D7 /* BombNewsTests.xctest */;
			productType = "com.apple.product-type.bundle.unit-test";
		};
		A59D77D82B18F0E1009D74D7 /* BombNewsUITests */ = {
			isa = PBXNativeTarget;
			buildConfigurationList = A59D77E92B18F0E1009D74D7 /* Build configuration list for PBXNativeTarget "BombNewsUITests" */;
			buildPhases = (
				A59D77D52B18F0E1009D74D7 /* Sources */,
				A59D77D62B18F0E1009D74D7 /* Frameworks */,
				A59D77D72B18F0E1009D74D7 /* Resources */,
			);
			buildRules = (
			);
			dependencies = (
				A59D77DB2B18F0E1009D74D7 /* PBXTargetDependency */,
			);
			name = BombNewsUITests;
			productName = BombNewsUITests;
			productReference = A59D77D92B18F0E1009D74D7 /* BombNewsUITests.xctest */;
			productType = "com.apple.product-type.bundle.ui-testing";
		};
/* End PBXNativeTarget section */

/* Begin PBXProject section */
		A59D77B72B18F0DF009D74D7 /* Project object */ = {
			isa = PBXProject;
			attributes = {
				BuildIndependentTargetsInParallel = 1;
				LastSwiftUpdateCheck = 1500;
				LastUpgradeCheck = 1500;
				TargetAttributes = {
					A59D77BE2B18F0DF009D74D7 = {
						CreatedOnToolsVersion = 15.0;
					};
					A59D77CE2B18F0E1009D74D7 = {
						CreatedOnToolsVersion = 15.0;
						TestTargetID = A59D77BE2B18F0DF009D74D7;
					};
					A59D77D82B18F0E1009D74D7 = {
						CreatedOnToolsVersion = 15.0;
						TestTargetID = A59D77BE2B18F0DF009D74D7;
					};
				};
			};
			buildConfigurationList = A59D77BA2B18F0DF009D74D7 /* Build configuration list for PBXProject "BombNews" */;
			compatibilityVersion = "Xcode 14.0";
			developmentRegion = en;
			hasScannedForEncodings = 0;
			knownRegions = (
				en,
				Base,
			);
			mainGroup = A59D77B62B18F0DF009D74D7;
			productRefGroup = A59D77C02B18F0DF009D74D7 /* Products */;
			projectDirPath = "";
			projectRoot = "";
			targets = (
				A59D77BE2B18F0DF009D74D7 /* BombNews */,
				A59D77CE2B18F0E1009D74D7 /* BombNewsTests */,
				A59D77D82B18F0E1009D74D7 /* BombNewsUITests */,
			);
		};
/* End PBXProject section */

/* Begin PBXResourcesBuildPhase section */
		A59D77BD2B18F0DF009D74D7 /* Resources */ = {
			isa = PBXResourcesBuildPhase;
			buildActionMask = 2147483647;
			files = (
				A59D77CA2B18F0E1009D74D7 /* Preview Assets.xcassets in Resources */,
				A59D77C72B18F0E1009D74D7 /* Assets.xcassets in Resources */,
			);
			runOnlyForDeploymentPostprocessing = 0;
		};
		A59D77CD2B18F0E1009D74D7 /* Resources */ = {
			isa = PBXResourcesBuildPhase;
			buildActionMask = 2147483647;
			files = (
				A54770282B1B3D5E005BDDF3 /* NewsResponse.json in Resources */,
			);
			runOnlyForDeploymentPostprocessing = 0;
		};
		A59D77D72B18F0E1009D74D7 /* Resources */ = {
			isa = PBXResourcesBuildPhase;
			buildActionMask = 2147483647;
			files = (
			);
			runOnlyForDeploymentPostprocessing = 0;
		};
/* End PBXResourcesBuildPhase section */

/* Begin PBXSourcesBuildPhase section */
		A59D77BB2B18F0DF009D74D7 /* Sources */ = {
			isa = PBXSourcesBuildPhase;
			buildActionMask = 2147483647;
			files = (
				A52920872B19FCE600926E67 /* Date+Extension.swift in Sources */,
				A547701A2B1B23B8005BDDF3 /* Color+Extension.swift in Sources */,
				A547701E2B1B2D59005BDDF3 /* ViewDidLoadModifier.swift in Sources */,
				A5C8DCC42B1A6B7100FA314A /* BaseView.swift in Sources */,
				A59D77F32B18F312009D74D7 /* RequestMethod.swift in Sources */,
				A529207F2B19FAE900926E67 /* NewsCellUIModel.swift in Sources */,
				A547701C2B1B2605005BDDF3 /* UIScreen+Extension.swift in Sources */,
				A54770102B1B1888005BDDF3 /* NewsDetailView.swift in Sources */,
				A529207A2B19EAA600926E67 /* TextBuilder.swift in Sources */,
				A529206E2B19E16D00926E67 /* NewsListView.swift in Sources */,
				A5C8DCC62B1A715300FA314A /* LazyView.swift in Sources */,
				A5C8DCC82B1A727F00FA314A /* SearchNewsEndpoint.swift in Sources */,
				A52920892B1A063E00926E67 /* CacheAsyncImage.swift in Sources */,
				A54770182B1B1D0D005BDDF3 /* NewsDetailTypes.swift in Sources */,
				A59D77F52B18F323009D74D7 /* RequestError.swift in Sources */,
				A5F9EEBC2B1A647D00F143AB /* View+Extension.swift in Sources */,
				A52920722B19E18900926E67 /* NewsListViewStates.swift in Sources */,
				A5C8DCCA2B1A7DFB00FA314A /* Segments.swift in Sources */,
				A52920652B19E06000926E67 /* BaseViewModel.swift in Sources */,
				A52920702B19E17A00926E67 /* NewsListViewModel.swift in Sources */,
				A54770142B1B189C005BDDF3 /* NewsDetailViewModel.swift in Sources */,
				A54770122B1B1892005BDDF3 /* NewsDetailViewStates.swift in Sources */,
				A59D77FC2B18F3A7009D74D7 /* Host.swift in Sources */,
				A52920752B19EA2100926E67 /* StaggeredView.swift in Sources */,
				A59D77FA2B18F38A009D74D7 /* Header.swift in Sources */,
				A59D77F12B18F2FF009D74D7 /* HttpClient.swift in Sources */,
				A59D78082B18F861009D74D7 /* NewsListService.swift in Sources */,
				A59D77F72B18F333009D74D7 /* Endpoint.swift in Sources */,
				A52920852B19FCC800926E67 /* String+Extension.swift in Sources */,
				A59D780B2B18F8D1009D74D7 /* AllNewsEndpoint.swift in Sources */,
				A52920672B19E07900926E67 /* BaseViewStates.swift in Sources */,
				A529207D2B19FABA00926E67 /* NewsCell.swift in Sources */,
				A59D77FE2B18F3BD009D74D7 /* Path.swift in Sources */,
				A59D78052B18F81A009D74D7 /* NewsResponse.swift in Sources */,
				A59D77C32B18F0DF009D74D7 /* BombNewsApp.swift in Sources */,
				A54770162B1B1956005BDDF3 /* WebView.swift in Sources */,
				A59D78002B18F3DF009D74D7 /* Body.swift in Sources */,
			);
			runOnlyForDeploymentPostprocessing = 0;
		};
		A59D77CB2B18F0E1009D74D7 /* Sources */ = {
			isa = PBXSourcesBuildPhase;
			buildActionMask = 2147483647;
			files = (
				A54770332B1B4428005BDDF3 /* NewsDetailViewModel.swift in Sources */,
				A547702B2B1B3E6D005BDDF3 /* XCTestCase+Extension.swift in Sources */,
				A54770312B1B3F79005BDDF3 /* NewsListViewModelTest.swift in Sources */,
				A547702E2B1B3EA5005BDDF3 /* MockHttpClient.swift in Sources */,
				A54770232B1B3CEA005BDDF3 /* MockURLProtocol.swift in Sources */,
				A54770262B1B3D14005BDDF3 /* Mockable.swift in Sources */,
				A54770212B1B3C88005BDDF3 /* HttpClientTest.swift in Sources */,
			);
			runOnlyForDeploymentPostprocessing = 0;
		};
		A59D77D52B18F0E1009D74D7 /* Sources */ = {
			isa = PBXSourcesBuildPhase;
			buildActionMask = 2147483647;
			files = (
				A5F56AB82B1C6FD600B25CBD /* NewsListViewUITest.swift in Sources */,
				A59D77E02B18F0E1009D74D7 /* BombNewsUITestsLaunchTests.swift in Sources */,
				A59D77DE2B18F0E1009D74D7 /* BombNewsUITests.swift in Sources */,
			);
			runOnlyForDeploymentPostprocessing = 0;
		};
/* End PBXSourcesBuildPhase section */

/* Begin PBXTargetDependency section */
		A59D77D12B18F0E1009D74D7 /* PBXTargetDependency */ = {
			isa = PBXTargetDependency;
			target = A59D77BE2B18F0DF009D74D7 /* BombNews */;
			targetProxy = A59D77D02B18F0E1009D74D7 /* PBXContainerItemProxy */;
		};
		A59D77DB2B18F0E1009D74D7 /* PBXTargetDependency */ = {
			isa = PBXTargetDependency;
			target = A59D77BE2B18F0DF009D74D7 /* BombNews */;
			targetProxy = A59D77DA2B18F0E1009D74D7 /* PBXContainerItemProxy */;
		};
/* End PBXTargetDependency section */

/* Begin XCBuildConfiguration section */
		A59D77E12B18F0E1009D74D7 /* Debug */ = {
			isa = XCBuildConfiguration;
			buildSettings = {
				ALWAYS_SEARCH_USER_PATHS = NO;
				ASSETCATALOG_COMPILER_GENERATE_SWIFT_ASSET_SYMBOL_EXTENSIONS = YES;
				CLANG_ANALYZER_NONNULL = YES;
				CLANG_ANALYZER_NUMBER_OBJECT_CONVERSION = YES_AGGRESSIVE;
				CLANG_CXX_LANGUAGE_STANDARD = "gnu++20";
				CLANG_ENABLE_MODULES = YES;
				CLANG_ENABLE_OBJC_ARC = YES;
				CLANG_ENABLE_OBJC_WEAK = YES;
				CLANG_WARN_BLOCK_CAPTURE_AUTORELEASING = YES;
				CLANG_WARN_BOOL_CONVERSION = YES;
				CLANG_WARN_COMMA = YES;
				CLANG_WARN_CONSTANT_CONVERSION = YES;
				CLANG_WARN_DEPRECATED_OBJC_IMPLEMENTATIONS = YES;
				CLANG_WARN_DIRECT_OBJC_ISA_USAGE = YES_ERROR;
				CLANG_WARN_DOCUMENTATION_COMMENTS = YES;
				CLANG_WARN_EMPTY_BODY = YES;
				CLANG_WARN_ENUM_CONVERSION = YES;
				CLANG_WARN_INFINITE_RECURSION = YES;
				CLANG_WARN_INT_CONVERSION = YES;
				CLANG_WARN_NON_LITERAL_NULL_CONVERSION = YES;
				CLANG_WARN_OBJC_IMPLICIT_RETAIN_SELF = YES;
				CLANG_WARN_OBJC_LITERAL_CONVERSION = YES;
				CLANG_WARN_OBJC_ROOT_CLASS = YES_ERROR;
				CLANG_WARN_QUOTED_INCLUDE_IN_FRAMEWORK_HEADER = YES;
				CLANG_WARN_RANGE_LOOP_ANALYSIS = YES;
				CLANG_WARN_STRICT_PROTOTYPES = YES;
				CLANG_WARN_SUSPICIOUS_MOVE = YES;
				CLANG_WARN_UNGUARDED_AVAILABILITY = YES_AGGRESSIVE;
				CLANG_WARN_UNREACHABLE_CODE = YES;
				CLANG_WARN__DUPLICATE_METHOD_MATCH = YES;
				COPY_PHASE_STRIP = NO;
				DEBUG_INFORMATION_FORMAT = dwarf;
				ENABLE_STRICT_OBJC_MSGSEND = YES;
				ENABLE_TESTABILITY = YES;
				ENABLE_USER_SCRIPT_SANDBOXING = YES;
				GCC_C_LANGUAGE_STANDARD = gnu17;
				GCC_DYNAMIC_NO_PIC = NO;
				GCC_NO_COMMON_BLOCKS = YES;
				GCC_OPTIMIZATION_LEVEL = 0;
				GCC_PREPROCESSOR_DEFINITIONS = (
					"DEBUG=1",
					"$(inherited)",
				);
				GCC_WARN_64_TO_32_BIT_CONVERSION = YES;
				GCC_WARN_ABOUT_RETURN_TYPE = YES_ERROR;
				GCC_WARN_UNDECLARED_SELECTOR = YES;
				GCC_WARN_UNINITIALIZED_AUTOS = YES_AGGRESSIVE;
				GCC_WARN_UNUSED_FUNCTION = YES;
				GCC_WARN_UNUSED_VARIABLE = YES;
				IPHONEOS_DEPLOYMENT_TARGET = 17.0;
				LOCALIZATION_PREFERS_STRING_CATALOGS = YES;
				MTL_ENABLE_DEBUG_INFO = INCLUDE_SOURCE;
				MTL_FAST_MATH = YES;
				ONLY_ACTIVE_ARCH = YES;
				SDKROOT = iphoneos;
				SWIFT_ACTIVE_COMPILATION_CONDITIONS = "DEBUG $(inherited)";
				SWIFT_OPTIMIZATION_LEVEL = "-Onone";
			};
			name = Debug;
		};
		A59D77E22B18F0E1009D74D7 /* Release */ = {
			isa = XCBuildConfiguration;
			buildSettings = {
				ALWAYS_SEARCH_USER_PATHS = NO;
				ASSETCATALOG_COMPILER_GENERATE_SWIFT_ASSET_SYMBOL_EXTENSIONS = YES;
				CLANG_ANALYZER_NONNULL = YES;
				CLANG_ANALYZER_NUMBER_OBJECT_CONVERSION = YES_AGGRESSIVE;
				CLANG_CXX_LANGUAGE_STANDARD = "gnu++20";
				CLANG_ENABLE_MODULES = YES;
				CLANG_ENABLE_OBJC_ARC = YES;
				CLANG_ENABLE_OBJC_WEAK = YES;
				CLANG_WARN_BLOCK_CAPTURE_AUTORELEASING = YES;
				CLANG_WARN_BOOL_CONVERSION = YES;
				CLANG_WARN_COMMA = YES;
				CLANG_WARN_CONSTANT_CONVERSION = YES;
				CLANG_WARN_DEPRECATED_OBJC_IMPLEMENTATIONS = YES;
				CLANG_WARN_DIRECT_OBJC_ISA_USAGE = YES_ERROR;
				CLANG_WARN_DOCUMENTATION_COMMENTS = YES;
				CLANG_WARN_EMPTY_BODY = YES;
				CLANG_WARN_ENUM_CONVERSION = YES;
				CLANG_WARN_INFINITE_RECURSION = YES;
				CLANG_WARN_INT_CONVERSION = YES;
				CLANG_WARN_NON_LITERAL_NULL_CONVERSION = YES;
				CLANG_WARN_OBJC_IMPLICIT_RETAIN_SELF = YES;
				CLANG_WARN_OBJC_LITERAL_CONVERSION = YES;
				CLANG_WARN_OBJC_ROOT_CLASS = YES_ERROR;
				CLANG_WARN_QUOTED_INCLUDE_IN_FRAMEWORK_HEADER = YES;
				CLANG_WARN_RANGE_LOOP_ANALYSIS = YES;
				CLANG_WARN_STRICT_PROTOTYPES = YES;
				CLANG_WARN_SUSPICIOUS_MOVE = YES;
				CLANG_WARN_UNGUARDED_AVAILABILITY = YES_AGGRESSIVE;
				CLANG_WARN_UNREACHABLE_CODE = YES;
				CLANG_WARN__DUPLICATE_METHOD_MATCH = YES;
				COPY_PHASE_STRIP = NO;
				DEBUG_INFORMATION_FORMAT = "dwarf-with-dsym";
				ENABLE_NS_ASSERTIONS = NO;
				ENABLE_STRICT_OBJC_MSGSEND = YES;
				ENABLE_USER_SCRIPT_SANDBOXING = YES;
				GCC_C_LANGUAGE_STANDARD = gnu17;
				GCC_NO_COMMON_BLOCKS = YES;
				GCC_WARN_64_TO_32_BIT_CONVERSION = YES;
				GCC_WARN_ABOUT_RETURN_TYPE = YES_ERROR;
				GCC_WARN_UNDECLARED_SELECTOR = YES;
				GCC_WARN_UNINITIALIZED_AUTOS = YES_AGGRESSIVE;
				GCC_WARN_UNUSED_FUNCTION = YES;
				GCC_WARN_UNUSED_VARIABLE = YES;
				IPHONEOS_DEPLOYMENT_TARGET = 17.0;
				LOCALIZATION_PREFERS_STRING_CATALOGS = YES;
				MTL_ENABLE_DEBUG_INFO = NO;
				MTL_FAST_MATH = YES;
				SDKROOT = iphoneos;
				SWIFT_COMPILATION_MODE = wholemodule;
				VALIDATE_PRODUCT = YES;
			};
			name = Release;
		};
		A59D77E42B18F0E1009D74D7 /* Debug */ = {
			isa = XCBuildConfiguration;
			buildSettings = {
				ASSETCATALOG_COMPILER_APPICON_NAME = AppIcon;
				ASSETCATALOG_COMPILER_GLOBAL_ACCENT_COLOR_NAME = AccentColor;
				CODE_SIGN_STYLE = Automatic;
				CURRENT_PROJECT_VERSION = 1;
				DEVELOPMENT_ASSET_PATHS = "\"BombNews/Preview Content\"";
				ENABLE_PREVIEWS = YES;
				GENERATE_INFOPLIST_FILE = YES;
				INFOPLIST_KEY_UIApplicationSceneManifest_Generation = YES;
				INFOPLIST_KEY_UIApplicationSupportsIndirectInputEvents = YES;
				INFOPLIST_KEY_UILaunchScreen_Generation = YES;
				INFOPLIST_KEY_UIStatusBarStyle = "";
				INFOPLIST_KEY_UISupportedInterfaceOrientations = UIInterfaceOrientationPortrait;
				IPHONEOS_DEPLOYMENT_TARGET = 17.0;
				LD_RUNPATH_SEARCH_PATHS = (
					"$(inherited)",
					"@executable_path/Frameworks",
				);
				MARKETING_VERSION = 1.0;
				PRODUCT_BUNDLE_IDENTIFIER = brsrld.BombNews;
				PRODUCT_NAME = "$(TARGET_NAME)";
				SWIFT_EMIT_LOC_STRINGS = YES;
				SWIFT_VERSION = 5.0;
				TARGETED_DEVICE_FAMILY = "1,2";
			};
			name = Debug;
		};
		A59D77E52B18F0E1009D74D7 /* Release */ = {
			isa = XCBuildConfiguration;
			buildSettings = {
				ASSETCATALOG_COMPILER_APPICON_NAME = AppIcon;
				ASSETCATALOG_COMPILER_GLOBAL_ACCENT_COLOR_NAME = AccentColor;
				CODE_SIGN_STYLE = Automatic;
				CURRENT_PROJECT_VERSION = 1;
				DEVELOPMENT_ASSET_PATHS = "\"BombNews/Preview Content\"";
				ENABLE_PREVIEWS = YES;
				GENERATE_INFOPLIST_FILE = YES;
				INFOPLIST_KEY_UIApplicationSceneManifest_Generation = YES;
				INFOPLIST_KEY_UIApplicationSupportsIndirectInputEvents = YES;
				INFOPLIST_KEY_UILaunchScreen_Generation = YES;
				INFOPLIST_KEY_UIStatusBarStyle = "";
				INFOPLIST_KEY_UISupportedInterfaceOrientations = UIInterfaceOrientationPortrait;
				IPHONEOS_DEPLOYMENT_TARGET = 17.0;
				LD_RUNPATH_SEARCH_PATHS = (
					"$(inherited)",
					"@executable_path/Frameworks",
				);
				MARKETING_VERSION = 1.0;
				PRODUCT_BUNDLE_IDENTIFIER = brsrld.BombNews;
				PRODUCT_NAME = "$(TARGET_NAME)";
				SWIFT_EMIT_LOC_STRINGS = YES;
				SWIFT_VERSION = 5.0;
				TARGETED_DEVICE_FAMILY = "1,2";
			};
			name = Release;
		};
		A59D77E72B18F0E1009D74D7 /* Debug */ = {
			isa = XCBuildConfiguration;
			buildSettings = {
				ALWAYS_EMBED_SWIFT_STANDARD_LIBRARIES = YES;
				BUNDLE_LOADER = "$(TEST_HOST)";
				CODE_SIGN_STYLE = Automatic;
				CURRENT_PROJECT_VERSION = 1;
				GENERATE_INFOPLIST_FILE = YES;
				IPHONEOS_DEPLOYMENT_TARGET = 17.0;
				MARKETING_VERSION = 1.0;
				PRODUCT_BUNDLE_IDENTIFIER = brsrld.BombNewsTests;
				PRODUCT_NAME = "$(TARGET_NAME)";
				SWIFT_EMIT_LOC_STRINGS = NO;
				SWIFT_VERSION = 5.0;
				TARGETED_DEVICE_FAMILY = "1,2";
				TEST_HOST = "$(BUILT_PRODUCTS_DIR)/BombNews.app/$(BUNDLE_EXECUTABLE_FOLDER_PATH)/BombNews";
			};
			name = Debug;
		};
		A59D77E82B18F0E1009D74D7 /* Release */ = {
			isa = XCBuildConfiguration;
			buildSettings = {
				ALWAYS_EMBED_SWIFT_STANDARD_LIBRARIES = YES;
				BUNDLE_LOADER = "$(TEST_HOST)";
				CODE_SIGN_STYLE = Automatic;
				CURRENT_PROJECT_VERSION = 1;
				GENERATE_INFOPLIST_FILE = YES;
				IPHONEOS_DEPLOYMENT_TARGET = 17.0;
				MARKETING_VERSION = 1.0;
				PRODUCT_BUNDLE_IDENTIFIER = brsrld.BombNewsTests;
				PRODUCT_NAME = "$(TARGET_NAME)";
				SWIFT_EMIT_LOC_STRINGS = NO;
				SWIFT_VERSION = 5.0;
				TARGETED_DEVICE_FAMILY = "1,2";
				TEST_HOST = "$(BUILT_PRODUCTS_DIR)/BombNews.app/$(BUNDLE_EXECUTABLE_FOLDER_PATH)/BombNews";
			};
			name = Release;
		};
		A59D77EA2B18F0E1009D74D7 /* Debug */ = {
			isa = XCBuildConfiguration;
			buildSettings = {
				ALWAYS_EMBED_SWIFT_STANDARD_LIBRARIES = YES;
				CODE_SIGN_STYLE = Automatic;
				CURRENT_PROJECT_VERSION = 1;
				GENERATE_INFOPLIST_FILE = YES;
				MARKETING_VERSION = 1.0;
				PRODUCT_BUNDLE_IDENTIFIER = brsrld.BombNewsUITests;
				PRODUCT_NAME = "$(TARGET_NAME)";
				SWIFT_EMIT_LOC_STRINGS = NO;
				SWIFT_VERSION = 5.0;
				TARGETED_DEVICE_FAMILY = "1,2";
				TEST_TARGET_NAME = BombNews;
			};
			name = Debug;
		};
		A59D77EB2B18F0E1009D74D7 /* Release */ = {
			isa = XCBuildConfiguration;
			buildSettings = {
				ALWAYS_EMBED_SWIFT_STANDARD_LIBRARIES = YES;
				CODE_SIGN_STYLE = Automatic;
				CURRENT_PROJECT_VERSION = 1;
				GENERATE_INFOPLIST_FILE = YES;
				MARKETING_VERSION = 1.0;
				PRODUCT_BUNDLE_IDENTIFIER = brsrld.BombNewsUITests;
				PRODUCT_NAME = "$(TARGET_NAME)";
				SWIFT_EMIT_LOC_STRINGS = NO;
				SWIFT_VERSION = 5.0;
				TARGETED_DEVICE_FAMILY = "1,2";
				TEST_TARGET_NAME = BombNews;
			};
			name = Release;
		};
/* End XCBuildConfiguration section */

/* Begin XCConfigurationList section */
		A59D77BA2B18F0DF009D74D7 /* Build configuration list for PBXProject "BombNews" */ = {
			isa = XCConfigurationList;
			buildConfigurations = (
				A59D77E12B18F0E1009D74D7 /* Debug */,
				A59D77E22B18F0E1009D74D7 /* Release */,
			);
			defaultConfigurationIsVisible = 0;
			defaultConfigurationName = Release;
		};
		A59D77E32B18F0E1009D74D7 /* Build configuration list for PBXNativeTarget "BombNews" */ = {
			isa = XCConfigurationList;
			buildConfigurations = (
				A59D77E42B18F0E1009D74D7 /* Debug */,
				A59D77E52B18F0E1009D74D7 /* Release */,
			);
			defaultConfigurationIsVisible = 0;
			defaultConfigurationName = Release;
		};
		A59D77E62B18F0E1009D74D7 /* Build configuration list for PBXNativeTarget "BombNewsTests" */ = {
			isa = XCConfigurationList;
			buildConfigurations = (
				A59D77E72B18F0E1009D74D7 /* Debug */,
				A59D77E82B18F0E1009D74D7 /* Release */,
			);
			defaultConfigurationIsVisible = 0;
			defaultConfigurationName = Release;
		};
		A59D77E92B18F0E1009D74D7 /* Build configuration list for PBXNativeTarget "BombNewsUITests" */ = {
			isa = XCConfigurationList;
			buildConfigurations = (
				A59D77EA2B18F0E1009D74D7 /* Debug */,
				A59D77EB2B18F0E1009D74D7 /* Release */,
			);
			defaultConfigurationIsVisible = 0;
			defaultConfigurationName = Release;
		};
/* End XCConfigurationList section */
	};
	rootObject = A59D77B72B18F0DF009D74D7 /* Project object */;
}
